// !$*UTF8*$!
{
	archiveVersion = 1;
	classes = {
	};
	objectVersion = 46;
	objects = {

/* Begin PBXBuildFile section */
		30967D571B31665B00D6E751 /* main.m in Sources */ = {isa = PBXBuildFile; fileRef = 30967D561B31665B00D6E751 /* main.m */; };
		30967D5A1B31665B00D6E751 /* AppDelegate.m in Sources */ = {isa = PBXBuildFile; fileRef = 30967D591B31665B00D6E751 /* AppDelegate.m */; };
		30967D5D1B31665B00D6E751 /* ViewController.m in Sources */ = {isa = PBXBuildFile; fileRef = 30967D5C1B31665B00D6E751 /* ViewController.m */; };
		30967D601B31665B00D6E751 /* Main.storyboard in Resources */ = {isa = PBXBuildFile; fileRef = 30967D5E1B31665B00D6E751 /* Main.storyboard */; };
		30967D621B31665B00D6E751 /* Images.xcassets in Resources */ = {isa = PBXBuildFile; fileRef = 30967D611B31665B00D6E751 /* Images.xcassets */; };
		30967D651B31665B00D6E751 /* LaunchScreen.xib in Resources */ = {isa = PBXBuildFile; fileRef = 30967D631B31665B00D6E751 /* LaunchScreen.xib */; };
		30967D711B31665B00D6E751 /* sampleLiveRendingTests.m in Sources */ = {isa = PBXBuildFile; fileRef = 30967D701B31665B00D6E751 /* sampleLiveRendingTests.m */; };
		30967D7C1B31668800D6E751 /* MyDrawFrameRectViewClass.m in Sources */ = {isa = PBXBuildFile; fileRef = 30967D7B1B31668800D6E751 /* MyDrawFrameRectViewClass.m */; };
/* End PBXBuildFile section */

/* Begin PBXContainerItemProxy section */
		30967D6B1B31665B00D6E751 /* PBXContainerItemProxy */ = {
			isa = PBXContainerItemProxy;
			containerPortal = 30967D491B31665B00D6E751 /* Project object */;
			proxyType = 1;
			remoteGlobalIDString = 30967D501B31665B00D6E751;
			remoteInfo = sampleLiveRending;
		};
/* End PBXContainerItemProxy section */

/* Begin PBXFileReference section */
		30967D511B31665B00D6E751 /* sampleLiveRending.app */ = {isa = PBXFileReference; explicitFileType = wrapper.application; includeInIndex = 0; path = sampleLiveRending.app; sourceTree = BUILT_PRODUCTS_DIR; };
		30967D551B31665B00D6E751 /* Info.plist */ = {isa = PBXFileReference; lastKnownFileType = text.plist.xml; path = Info.plist; sourceTree = "<group>"; };
		30967D561B31665B00D6E751 /* main.m */ = {isa = PBXFileReference; lastKnownFileType = sourcecode.c.objc; path = main.m; sourceTree = "<group>"; };
		30967D581B31665B00D6E751 /* AppDelegate.h */ = {isa = PBXFileReference; lastKnownFileType = sourcecode.c.h; path = AppDelegate.h; sourceTree = "<group>"; };
		30967D591B31665B00D6E751 /* AppDelegate.m */ = {isa = PBXFileReference; lastKnownFileType = sourcecode.c.objc; path = AppDelegate.m; sourceTree = "<group>"; };
		30967D5B1B31665B00D6E751 /* ViewController.h */ = {isa = PBXFileReference; lastKnownFileType = sourcecode.c.h; path = ViewController.h; sourceTree = "<group>"; };
		30967D5C1B31665B00D6E751 /* ViewController.m */ = {isa = PBXFileReference; lastKnownFileType = sourcecode.c.objc; path = ViewController.m; sourceTree = "<group>"; };
		30967D5F1B31665B00D6E751 /* Base */ = {isa = PBXFileReference; lastKnownFileType = file.storyboard; name = Base; path = Base.lproj/Main.storyboard; sourceTree = "<group>"; };
		30967D611B31665B00D6E751 /* Images.xcassets */ = {isa = PBXFileReference; lastKnownFileType = folder.assetcatalog; path = Images.xcassets; sourceTree = "<group>"; };
		30967D641B31665B00D6E751 /* Base */ = {isa = PBXFileReference; lastKnownFileType = file.xib; name = Base; path = Base.lproj/LaunchScreen.xib; sourceTree = "<group>"; };
		30967D6A1B31665B00D6E751 /* sampleLiveRendingTests.xctest */ = {isa = PBXFileReference; explicitFileType = wrapper.cfbundle; includeInIndex = 0; path = sampleLiveRendingTests.xctest; sourceTree = BUILT_PRODUCTS_DIR; };
		30967D6F1B31665B00D6E751 /* Info.plist */ = {isa = PBXFileReference; lastKnownFileType = text.plist.xml; path = Info.plist; sourceTree = "<group>"; };
		30967D701B31665B00D6E751 /* sampleLiveRendingTests.m */ = {isa = PBXFileReference; lastKnownFileType = sourcecode.c.objc; path = sampleLiveRendingTests.m; sourceTree = "<group>"; };
		30967D7A1B31668800D6E751 /* MyDrawFrameRectViewClass.h */ = {isa = PBXFileReference; fileEncoding = 4; lastKnownFileType = sourcecode.c.h; path = MyDrawFrameRectViewClass.h; sourceTree = "<group>"; };
		30967D7B1B31668800D6E751 /* MyDrawFrameRectViewClass.m */ = {isa = PBXFileReference; fileEncoding = 4; lastKnownFileType = sourcecode.c.objc; path = MyDrawFrameRectViewClass.m; sourceTree = "<group>"; };
/* End PBXFileReference section */

/* Begin PBXFrameworksBuildPhase section */
		30967D4E1B31665B00D6E751 /* Frameworks */ = {
			isa = PBXFrameworksBuildPhase;
			buildActionMask = 2147483647;
			files = (
			);
			runOnlyForDeploymentPostprocessing = 0;
		};
		30967D671B31665B00D6E751 /* Frameworks */ = {
			isa = PBXFrameworksBuildPhase;
			buildActionMask = 2147483647;
			files = (
			);
			runOnlyForDeploymentPostprocessing = 0;
		};
/* End PBXFrameworksBuildPhase section */

/* Begin PBXGroup section */
		30967D481B31665B00D6E751 = {
			isa = PBXGroup;
			children = (
				30967D531B31665B00D6E751 /* sampleLiveRending */,
				30967D6D1B31665B00D6E751 /* sampleLiveRendingTests */,
				30967D521B31665B00D6E751 /* Products */,
			);
			sourceTree = "<group>";
		};
		30967D521B31665B00D6E751 /* Products */ = {
			isa = PBXGroup;
			children = (
				30967D511B31665B00D6E751 /* sampleLiveRending.app */,
				30967D6A1B31665B00D6E751 /* sampleLiveRendingTests.xctest */,
			);
			name = Products;
			sourceTree = "<group>";
		};
		30967D531B31665B00D6E751 /* sampleLiveRending */ = {
			isa = PBXGroup;
			children = (
				30967D581B31665B00D6E751 /* AppDelegate.h */,
				30967D591B31665B00D6E751 /* AppDelegate.m */,
				30967D5B1B31665B00D6E751 /* ViewController.h */,
				30967D5C1B31665B00D6E751 /* ViewController.m */,
				30967D7A1B31668800D6E751 /* MyDrawFrameRectViewClass.h */,
				30967D7B1B31668800D6E751 /* MyDrawFrameRectViewClass.m */,
				30967D5E1B31665B00D6E751 /* Main.storyboard */,
				30967D611B31665B00D6E751 /* Images.xcassets */,
				30967D631B31665B00D6E751 /* LaunchScreen.xib */,
				30967D541B31665B00D6E751 /* Supporting Files */,
			);
			path = sampleLiveRending;
			sourceTree = "<group>";
		};
		30967D541B31665B00D6E751 /* Supporting Files */ = {
			isa = PBXGroup;
			children = (
				30967D551B31665B00D6E751 /* Info.plist */,
				30967D561B31665B00D6E751 /* main.m */,
			);
			name = "Supporting Files";
			sourceTree = "<group>";
		};
		30967D6D1B31665B00D6E751 /* sampleLiveRendingTests */ = {
			isa = PBXGroup;
			children = (
				30967D701B31665B00D6E751 /* sampleLiveRendingTests.m */,
				30967D6E1B31665B00D6E751 /* Supporting Files */,
			);
			path = sampleLiveRendingTests;
			sourceTree = "<group>";
		};
		30967D6E1B31665B00D6E751 /* Supporting Files */ = {
			isa = PBXGroup;
			children = (
				30967D6F1B31665B00D6E751 /* Info.plist */,
			);
			name = "Supporting Files";
			sourceTree = "<group>";
		};
/* End PBXGroup section */

/* Begin PBXNativeTarget section */
		30967D501B31665B00D6E751 /* sampleLiveRending */ = {
			isa = PBXNativeTarget;
			buildConfigurationList = 30967D741B31665B00D6E751 /* Build configuration list for PBXNativeTarget "sampleLiveRending" */;
			buildPhases = (
				30967D4D1B31665B00D6E751 /* Sources */,
				30967D4E1B31665B00D6E751 /* Frameworks */,
				30967D4F1B31665B00D6E751 /* Resources */,
			);
			buildRules = (
			);
			dependencies = (
			);
			name = sampleLiveRending;
			productName = sampleLiveRending;
			productReference = 30967D511B31665B00D6E751 /* sampleLiveRending.app */;
			productType = "com.apple.product-type.application";
		};
		30967D691B31665B00D6E751 /* sampleLiveRendingTests */ = {
			isa = PBXNativeTarget;
			buildConfigurationList = 30967D771B31665B00D6E751 /* Build configuration list for PBXNativeTarget "sampleLiveRendingTests" */;
			buildPhases = (
				30967D661B31665B00D6E751 /* Sources */,
				30967D671B31665B00D6E751 /* Frameworks */,
				30967D681B31665B00D6E751 /* Resources */,
			);
			buildRules = (
			);
			dependencies = (
				30967D6C1B31665B00D6E751 /* PBXTargetDependency */,
			);
			name = sampleLiveRendingTests;
			productName = sampleLiveRendingTests;
			productReference = 30967D6A1B31665B00D6E751 /* sampleLiveRendingTests.xctest */;
			productType = "com.apple.product-type.bundle.unit-test";
		};
/* End PBXNativeTarget section */

/* Begin PBXProject section */
		30967D491B31665B00D6E751 /* Project object */ = {
			isa = PBXProject;
			attributes = {
				LastUpgradeCheck = 0630;
				ORGANIZATIONNAME = satoutakeshi;
				TargetAttributes = {
					30967D501B31665B00D6E751 = {
						CreatedOnToolsVersion = 6.3.2;
					};
					30967D691B31665B00D6E751 = {
						CreatedOnToolsVersion = 6.3.2;
						TestTargetID = 30967D501B31665B00D6E751;
					};
				};
			};
			buildConfigurationList = 30967D4C1B31665B00D6E751 /* Build configuration list for PBXProject "sampleLiveRending" */;
			compatibilityVersion = "Xcode 3.2";
			developmentRegion = English;
			hasScannedForEncodings = 0;
			knownRegions = (
				en,
				Base,
			);
			mainGroup = 30967D481B31665B00D6E751;
			productRefGroup = 30967D521B31665B00D6E751 /* Products */;
			projectDirPath = "";
			projectRoot = "";
			targets = (
				30967D501B31665B00D6E751 /* sampleLiveRending */,
				30967D691B31665B00D6E751 /* sampleLiveRendingTests */,
			);
		};
/* End PBXProject section */

/* Begin PBXResourcesBuildPhase section */
		30967D4F1B31665B00D6E751 /* Resources */ = {
			isa = PBXResourcesBuildPhase;
			buildActionMask = 2147483647;
			files = (
				30967D601B31665B00D6E751 /* Main.storyboard in Resources */,
				30967D651B31665B00D6E751 /* LaunchScreen.xib in Resources */,
				30967D621B31665B00D6E751 /* Images.xcassets in Resources */,
			);
			runOnlyForDeploymentPostprocessing = 0;
		};
		30967D681B31665B00D6E751 /* Resources */ = {
			isa = PBXResourcesBuildPhase;
			buildActionMask = 2147483647;
			files = (
			);
			runOnlyForDeploymentPostprocessing = 0;
		};
/* End PBXResourcesBuildPhase section */

/* Begin PBXSourcesBuildPhase section */
		30967D4D1B31665B00D6E751 /* Sources */ = {
			isa = PBXSourcesBuildPhase;
			buildActionMask = 2147483647;
			files = (
				30967D5D1B31665B00D6E751 /* ViewController.m in Sources */,
				30967D5A1B31665B00D6E751 /* AppDelegate.m in Sources */,
				30967D571B31665B00D6E751 /* main.m in Sources */,
				30967D7C1B31668800D6E751 /* MyDrawFrameRectViewClass.m in Sources */,
			);
			runOnlyForDeploymentPostprocessing = 0;
		};
		30967D661B31665B00D6E751 /* Sources */ = {
			isa = PBXSourcesBuildPhase;
			buildActionMask = 2147483647;
			files = (
				30967D711B31665B00D6E751 /* sampleLiveRendingTests.m in Sources */,
			);
			runOnlyForDeploymentPostprocessing = 0;
		};
/* End PBXSourcesBuildPhase section */

/* Begin PBXTargetDependency section */
		30967D6C1B31665B00D6E751 /* PBXTargetDependency */ = {
			isa = PBXTargetDependency;
			target = 30967D501B31665B00D6E751 /* sampleLiveRending */;
			targetProxy = 30967D6B1B31665B00D6E751 /* PBXContainerItemProxy */;
		};
/* End PBXTargetDependency section */

/* Begin PBXVariantGroup section */
		30967D5E1B31665B00D6E751 /* Main.storyboard */ = {
			isa = PBXVariantGroup;
			children = (
				30967D5F1B31665B00D6E751 /* Base */,
			);
			name = Main.storyboard;
			sourceTree = "<group>";
		};
		30967D631B31665B00D6E751 /* LaunchScreen.xib */ = {
			isa = PBXVariantGroup;
			children = (
				30967D641B31665B00D6E751 /* Base */,
			);
			name = LaunchScreen.xib;
			sourceTree = "<group>";
		};
/* End PBXVariantGroup section */

/* Begin XCBuildConfiguration section */
		30967D721B31665B00D6E751 /* Debug */ = {
			isa = XCBuildConfiguration;
			buildSettings = {
				ALWAYS_SEARCH_USER_PATHS = NO;
				CLANG_CXX_LANGUAGE_STANDARD = "gnu++0x";
				CLANG_CXX_LIBRARY = "libc++";
				CLANG_ENABLE_MODULES = YES;
				CLANG_ENABLE_OBJC_ARC = YES;
				CLANG_WARN_BOOL_CONVERSION = YES;
				CLANG_WARN_CONSTANT_CONVERSION = YES;
				CLANG_WARN_DIRECT_OBJC_ISA_USAGE = YES_ERROR;
				CLANG_WARN_EMPTY_BODY = YES;
				CLANG_WARN_ENUM_CONVERSION = YES;
				CLANG_WARN_INT_CONVERSION = YES;
				CLANG_WARN_OBJC_ROOT_CLASS = YES_ERROR;
				CLANG_WARN_UNREACHABLE_CODE = YES;
				CLANG_WARN__DUPLICATE_METHOD_MATCH = YES;
				"CODE_SIGN_IDENTITY[sdk=iphoneos*]" = "iPhone Developer";
				COPY_PHASE_STRIP = NO;
				DEBUG_INFORMATION_FORMAT = "dwarf-with-dsym";
				ENABLE_STRICT_OBJC_MSGSEND = YES;
				GCC_C_LANGUAGE_STANDARD = gnu99;
				GCC_DYNAMIC_NO_PIC = NO;
				GCC_NO_COMMON_BLOCKS = YES;
				GCC_OPTIMIZATION_LEVEL = 0;
				GCC_PREPROCESSOR_DEFINITIONS = (
					"DEBUG=1",
					"$(inherited)",
				);
				GCC_SYMBOLS_PRIVATE_EXTERN = NO;
				GCC_WARN_64_TO_32_BIT_CONVERSION = YES;
				GCC_WARN_ABOUT_RETURN_TYPE = YES_ERROR;
				GCC_WARN_UNDECLARED_SELECTOR = YES;
				GCC_WARN_UNINITIALIZED_AUTOS = YES_AGGRESSIVE;
				GCC_WARN_UNUSED_FUNCTION = YES;
				GCC_WARN_UNUSED_VARIABLE = YES;
				IPHONEOS_DEPLOYMENT_TARGET = 8.3;
				MTL_ENABLE_DEBUG_INFO = YES;
				ONLY_ACTIVE_ARCH = YES;
				SDKROOT = iphoneos;
			};
			name = Debug;
		};
		30967D731B31665B00D6E751 /* Release */ = {
			isa = XCBuildConfiguration;
			buildSettings = {
				ALWAYS_SEARCH_USER_PATHS = NO;
				CLANG_CXX_LANGUAGE_STANDARD = "gnu++0x";
				CLANG_CXX_LIBRARY = "libc++";
				CLANG_ENABLE_MODULES = YES;
				CLANG_ENABLE_OBJC_ARC = YES;
				CLANG_WARN_BOOL_CONVERSION = YES;
				CLANG_WARN_CONSTANT_CONVERSION = YES;
				CLANG_WARN_DIRECT_OBJC_ISA_USAGE = YES_ERROR;
				CLANG_WARN_EMPTY_BODY = YES;
				CLANG_WARN_ENUM_CONVERSION = YES;
				CLANG_WARN_INT_CONVERSION = YES;
				CLANG_WARN_OBJC_ROOT_CLASS = YES_ERROR;
				CLANG_WARN_UNREACHABLE_CODE = YES;
				CLANG_WARN__DUPLICATE_METHOD_MATCH = YES;
				"CODE_SIGN_IDENTITY[sdk=iphoneos*]" = "iPhone Developer";
				COPY_PHASE_STRIP = NO;
				DEBUG_INFORMATION_FORMAT = "dwarf-with-dsym";
				ENABLE_NS_ASSERTIONS = NO;
				ENABLE_STRICT_OBJC_MSGSEND = YES;
				GCC_C_LANGUAGE_STANDARD = gnu99;
				GCC_NO_COMMON_BLOCKS = YES;
				GCC_WARN_64_TO_32_BIT_CONVERSION = YES;
				GCC_WARN_ABOUT_RETURN_TYPE = YES_ERROR;
				GCC_WARN_UNDECLARED_SELECTOR = YES;
				GCC_WARN_UNINITIALIZED_AUTOS = YES_AGGRESSIVE;
				GCC_WARN_UNUSED_FUNCTION = YES;
				GCC_WARN_UNUSED_VARIABLE = YES;
				IPHONEOS_DEPLOYMENT_TARGET = 8.3;
				MTL_ENABLE_DEBUG_INFO = NO;
				SDKROOT = iphoneos;
				VALIDATE_PRODUCT = YES;
			};
			name = Release;
		};
		30967D751B31665B00D6E751 /* Debug */ = {
			isa = XCBuildConfiguration;
			buildSettings = {
				ASSETCATALOG_COMPILER_APPICON_NAME = AppIcon;
				INFOPLIST_FILE = sampleLiveRending/Info.plist;
				LD_RUNPATH_SEARCH_PATHS = "$(inherited) @executable_path/Frameworks";
				PRODUCT_NAME = "$(TARGET_NAME)";
			};
			name = Debug;
		};
		30967D761B31665B00D6E751 /* Release */ = {
			isa = XCBuildConfiguration;
			buildSettings = {
				ASSETCATALOG_COMPILER_APPICON_NAME = AppIcon;
				INFOPLIST_FILE = sampleLiveRending/Info.plist;
				LD_RUNPATH_SEARCH_PATHS = "$(inherited) @executable_path/Frameworks";
				PRODUCT_NAME = "$(TARGET_NAME)";
			};
			name = Release;
		};
		30967D781B31665B00D6E751 /* Debug */ = {
			isa = XCBuildConfiguration;
			buildSettings = {
				BUNDLE_LOADER = "$(TEST_HOST)";
				FRAMEWORK_SEARCH_PATHS = (
					"$(SDKROOT)/Developer/Library/Frameworks",
					"$(inherited)",
				);
				GCC_PREPROCESSOR_DEFINITIONS = (
					"DEBUG=1",
					"$(inherited)",
				);
				INFOPLIST_FILE = sampleLiveRendingTests/Info.plist;
				LD_RUNPATH_SEARCH_PATHS = "$(inherited) @executable_path/Frameworks @loader_path/Frameworks";
				PRODUCT_NAME = "$(TARGET_NAME)";
				TEST_HOST = "$(BUILT_PRODUCTS_DIR)/sampleLiveRending.app/sampleLiveRending";
			};
			name = Debug;
		};
		30967D791B31665B00D6E751 /* Release */ = {
			isa = XCBuildConfiguration;
			buildSettings = {
				BUNDLE_LOADER = "$(TEST_HOST)";
				FRAMEWORK_SEARCH_PATHS = (
					"$(SDKROOT)/Developer/Library/Frameworks",
					"$(inherited)",
				);
				INFOPLIST_FILE = sampleLiveRendingTests/Info.plist;
				LD_RUNPATH_SEARCH_PATHS = "$(inherited) @executable_path/Frameworks @loader_path/Frameworks";
				PRODUCT_NAME = "$(TARGET_NAME)";
				TEST_HOST = "$(BUILT_PRODUCTS_DIR)/sampleLiveRending.app/sampleLiveRending";
			};
			name = Release;
		};
/* End XCBuildConfiguration section */

/* Begin XCConfigurationList section */
		30967D4C1B31665B00D6E751 /* Build configuration list for PBXProject "sampleLiveRending" */ = {
			isa = XCConfigurationList;
			buildConfigurations = (
				30967D721B31665B00D6E751 /* Debug */,
				30967D731B31665B00D6E751 /* Release */,
			);
			defaultConfigurationIsVisible = 0;
			defaultConfigurationName = Release;
		};
		30967D741B31665B00D6E751 /* Build configuration list for PBXNativeTarget "sampleLiveRending" */ = {
			isa = XCConfigurationList;
			buildConfigurations = (
				30967D751B31665B00D6E751 /* Debug */,
				30967D761B31665B00D6E751 /* Release */,
			);
			defaultConfigurationIsVisible = 0;
		};
		30967D771B31665B00D6E751 /* Build configuration list for PBXNativeTarget "sampleLiveRendingTests" */ = {
			isa = XCConfigurationList;
			buildConfigurations = (
				30967D781B31665B00D6E751 /* Debug */,
				30967D791B31665B00D6E751 /* Release */,
			);
			defaultConfigurationIsVisible = 0;
		};
/* End XCConfigurationList section */
	};
	rootObject = 30967D491B31665B00D6E751 /* Project object */;
}
